<?xml version="1.0" encoding="utf-8"?>
<Project ToolsVersion="4.0" xmlns="http://schemas.microsoft.com/developer/msbuild/2003">
  <ItemGroup>
    <Filter Include="Source Files">
      <UniqueIdentifier>{4FC737F1-C7A5-4376-A066-2A32D752A2FF}</UniqueIdentifier>
      <Extensions>cpp;c;cc;cxx;def;odl;idl;hpj;bat;asm;asmx</Extensions>
    </Filter>
    <Filter Include="Resource Files">
      <UniqueIdentifier>{67DA6AB6-F800-4c08-8B7A-83BB121AAD01}</UniqueIdentifier>
      <Extensions>rc;ico;cur;bmp;dlg;rc2;rct;bin;rgs;gif;jpg;jpeg;jpe;resx;tiff;tif;png;wav</Extensions>
    </Filter>
    <Filter Include="Blocks">
      <UniqueIdentifier>{f1670047-f98a-41ce-a783-f1006d24d3a2}</UniqueIdentifier>
    </Filter>
    <Filter Include="Blocks\Cinder-KCB2">
      <UniqueIdentifier>{6b73d3f9-143b-4733-9131-05b58ac57ba8}</UniqueIdentifier>
    </Filter>
    <Filter Include="Blocks\Cinder-KCB2\lib">
      <UniqueIdentifier>{609904b1-9ec9-46a1-bfed-9343f7316352}</UniqueIdentifier>
    </Filter>
  </ItemGroup>
  <ItemGroup>
    <ClCompile Include="..\src\FaceApp.cpp">
      <Filter>Source Files</Filter>
    </ClCompile>
    <ClCompile Include="..\..\..\src\Kinect2.cpp">
      <Filter>Blocks\Cinder-KCB2</Filter>
    </ClCompile>
  </ItemGroup>
  <ItemGroup>
    <ClInclude Include="..\..\..\lib\KCBv2Lib.h">
      <Filter>Blocks\Cinder-KCB2\lib</Filter>
    </ClInclude>
    <ClInclude Include="..\..\..\src\Kinect2.h">
      <Filter>Blocks\Cinder-KCB2</Filter>
    </ClInclude>
  </ItemGroup>
  <ItemGroup>
    <ResourceCompile Include="Resources.rc">
      <Filter>Resource Files</Filter>
    </ResourceCompile>
  </ItemGroup>
</Project>